
Microsoft Visual Studio Solution File, Format Version 12.00
# Visual Studio 15
VisualStudioVersion = 15.0.28307.757
MinimumVisualStudioVersion = 10.0.40219.1
Project("{FAE04EC0-301F-11D3-BF4B-00C04F79EFBC}") = "Task_3_OrderStringsByLength", "Task_3_OrderStringsByLength\Task_3_OrderStringsByLength.csproj", "{DA011AB7-F642-4242-B5A5-50F8BEA0D0A5}"
EndProject
Project("{FAE04EC0-301F-11D3-BF4B-00C04F79EFBC}") = "ConsoleApp1", "ConsoleApp1\ConsoleApp1.csproj", "{9BC8FABE-9C13-4B2D-A370-AB7C5F335D1C}"
EndProject
Global
	GlobalSection(SolutionConfigurationPlatforms) = preSolution
		Debug|Any CPU = Debug|Any CPU
		Release|Any CPU = Release|Any CPU
	EndGlobalSection
	GlobalSection(ProjectConfigurationPlatforms) = postSolution
		{DA011AB7-F642-4242-B5A5-50F8BEA0D0A5}.Debug|Any CPU.ActiveCfg = Debug|Any CPU
		{DA011AB7-F642-4242-B5A5-50F8BEA0D0A5}.Debug|Any CPU.Build.0 = Debug|Any CPU
		{DA011AB7-F642-4242-B5A5-50F8BEA0D0A5}.Release|Any CPU.ActiveCfg = Release|Any CPU
		{DA011AB7-F642-4242-B5A5-50F8BEA0D0A5}.Release|Any CPU.Build.0 = Release|Any CPU
		{9BC8FABE-9C13-4B2D-A370-AB7C5F335D1C}.Debug|Any CPU.ActiveCfg = Debug|Any CPU
		{9BC8FABE-9C13-4B2D-A370-AB7C5F335D1C}.Debug|Any CPU.Build.0 = Debug|Any CPU
		{9BC8FABE-9C13-4B2D-A370-AB7C5F335D1C}.Release|Any CPU.ActiveCfg = Release|Any CPU
		{9BC8FABE-9C13-4B2D-A370-AB7C5F335D1C}.Release|Any CPU.Build.0 = Release|Any CPU
	EndGlobalSection
	GlobalSection(SolutionProperties) = preSolution
		HideSolutionNode = FALSE
	EndGlobalSection
	GlobalSection(ExtensibilityGlobals) = postSolution
		SolutionGuid = {7B4AABCC-AD7E-48E5-A712-DB51F048B850}
	EndGlobalSection
EndGlobal
