
Microsoft Visual Studio Solution File, Format Version 12.00
# Visual Studio 15
VisualStudioVersion = 15.0.27428.1
MinimumVisualStudioVersion = 10.0.40219.1
Project("{FAE04EC0-301F-11D3-BF4B-00C04F79EFBC}") = "Task_5_Romanovskiy_DataBase", "Task_5_Romanovskiy_DataBase\Task_5_Romanovskiy_DataBase.csproj", "{D24EA418-C3DC-4AD3-A6B9-06601C3AFD0F}"
EndProject
Global
	GlobalSection(SolutionConfigurationPlatforms) = preSolution
		Debug|Any CPU = Debug|Any CPU
		Release|Any CPU = Release|Any CPU
	EndGlobalSection
	GlobalSection(ProjectConfigurationPlatforms) = postSolution
		{D24EA418-C3DC-4AD3-A6B9-06601C3AFD0F}.Debug|Any CPU.ActiveCfg = Debug|Any CPU
		{D24EA418-C3DC-4AD3-A6B9-06601C3AFD0F}.Debug|Any CPU.Build.0 = Debug|Any CPU
		{D24EA418-C3DC-4AD3-A6B9-06601C3AFD0F}.Release|Any CPU.ActiveCfg = Release|Any CPU
		{D24EA418-C3DC-4AD3-A6B9-06601C3AFD0F}.Release|Any CPU.Build.0 = Release|Any CPU
	EndGlobalSection
	GlobalSection(SolutionProperties) = preSolution
		HideSolutionNode = FALSE
	EndGlobalSection
	GlobalSection(ExtensibilityGlobals) = postSolution
		SolutionGuid = {FBC44F7F-66E7-4234-8CB9-4C1483EE5929}
	EndGlobalSection
EndGlobal
