
Microsoft Visual Studio Solution File, Format Version 12.00
# Visual Studio 15
VisualStudioVersion = 15.0.28307.757
MinimumVisualStudioVersion = 10.0.40219.1
Project("{FAE04EC0-301F-11D3-BF4B-00C04F79EFBC}") = "Task_2_CountOfWovles", "Task_2_CountOfWovles\Task_2_CountOfWovles.csproj", "{B7B78C84-7535-432F-832E-12161404143A}"
EndProject
Project("{FAE04EC0-301F-11D3-BF4B-00C04F79EFBC}") = "ConsoleApp1", "ConsoleApp1\ConsoleApp1.csproj", "{EC1B13DA-498E-4D8F-81D0-4C06B617D70C}"
EndProject
Global
	GlobalSection(SolutionConfigurationPlatforms) = preSolution
		Debug|Any CPU = Debug|Any CPU
		Release|Any CPU = Release|Any CPU
	EndGlobalSection
	GlobalSection(ProjectConfigurationPlatforms) = postSolution
		{B7B78C84-7535-432F-832E-12161404143A}.Debug|Any CPU.ActiveCfg = Debug|Any CPU
		{B7B78C84-7535-432F-832E-12161404143A}.Debug|Any CPU.Build.0 = Debug|Any CPU
		{B7B78C84-7535-432F-832E-12161404143A}.Release|Any CPU.ActiveCfg = Release|Any CPU
		{B7B78C84-7535-432F-832E-12161404143A}.Release|Any CPU.Build.0 = Release|Any CPU
		{EC1B13DA-498E-4D8F-81D0-4C06B617D70C}.Debug|Any CPU.ActiveCfg = Debug|Any CPU
		{EC1B13DA-498E-4D8F-81D0-4C06B617D70C}.Debug|Any CPU.Build.0 = Debug|Any CPU
		{EC1B13DA-498E-4D8F-81D0-4C06B617D70C}.Release|Any CPU.ActiveCfg = Release|Any CPU
		{EC1B13DA-498E-4D8F-81D0-4C06B617D70C}.Release|Any CPU.Build.0 = Release|Any CPU
	EndGlobalSection
	GlobalSection(SolutionProperties) = preSolution
		HideSolutionNode = FALSE
	EndGlobalSection
	GlobalSection(ExtensibilityGlobals) = postSolution
		SolutionGuid = {3C9BF47F-55C4-4581-BF9F-DD692B2BE037}
	EndGlobalSection
EndGlobal
